{
  "name": "aho-corasick-benchmarks",
  "version": "1.0.0",
  "lockfileVersion": 1,
  "requires": true,
  "dependencies": {
    "@drorgl/aho-corasick2": {
      "version": "1.0.3",
      "resolved": "https://registry.npmjs.org/@drorgl/aho-corasick2/-/aho-corasick2-1.0.3.tgz",
      "integrity": "sha512-KZbvxu32gCyEkM9Jnk73q43bRKNGs/hvri0kFvWiFcaXViTZJf7kD8P50KsV/B7slf5h2D1gTT/gVs83sR6dUw=="
    },
    "@tanishiking/aho-corasick": {
      "version": "0.0.1",
      "resolved": "https://registry.npmjs.org/@tanishiking/aho-corasick/-/aho-corasick-0.0.1.tgz",
      "integrity": "sha512-70Fy5dKDfoaKq9CaWVaSvheCmQ/M7BxNAlQJfL1qUqX5/cyUZpQvK8nGkGSAUtHs7yokOOlOR6+WlIr6GVJrjw=="
    },
    "aho-corasick": {
      "version": "0.1.3",
      "resolved": "https://registry.npmjs.org/aho-corasick/-/aho-corasick-0.1.3.tgz",
      "integrity": "sha1-rCw0BoZfUQ5oSn/+huWyuwPbcnI="
    },
    "aho-corasick-automaton": {
      "version": "0.0.0",
      "resolved": "https://registry.npmjs.org/aho-corasick-automaton/-/aho-corasick-automaton-0.0.0.tgz",
      "integrity": "sha1-vY9i/W0gkTXzcW0Z2lKVpvdZ2Sg=",
      "requires": {
        "binary-search-bounds": "~0.3.1"
      }
    },
    "aho-corasick-machine": {
      "version": "1.0.1",
      "resolved": "https://registry.npmjs.org/aho-corasick-machine/-/aho-corasick-machine-1.0.1.tgz",
      "integrity": "sha512-9CaF1e6cb/ssYJJIIWboGLKWT1wPxbVltqsG5bTFyhpFHXXMfr2qjxHokKlkFnQFq222ovj2P7WSpo3rGXwzZQ==",
      "requires": {
        "binary-search-bounds": "~0.3.1"
      }
    },
    "aho-corasick-node": {
      "version": "1.0.2",
      "resolved": "https://registry.npmjs.org/aho-corasick-node/-/aho-corasick-node-1.0.2.tgz",
      "integrity": "sha512-2jUg61TLSVDbmIYj8xQhzmQ55lRs0yMEPO5vw3B/dUrLP/QysOx+0yvl6LIxTMjS2xVKWAQa4wIoywJP8ZxLSg==",
      "requires": {
        "bytebuffer": "^5.0.1",
        "lodash": "^4.17.5"
      }
    },
    "aho-corasick-search": {
      "version": "1.0.0",
      "resolved": "https://registry.npmjs.org/aho-corasick-search/-/aho-corasick-search-1.0.0.tgz",
      "integrity": "sha512-iDmyJoi5v6D/acx9hKXYmc2G4vsV5bSIaWUTzSE2NnbTmxjNtcuOi2eng9iKe3Z57b7cCdB1eSAUl9htEe3Pwg==",
      "requires": {
        "aho-corasick-machine": "^1.0.1",
        "array-trie": "^1.0.0"
      }
    },
    "aho-corasick2": {
      "version": "1.0.3",
      "resolved": "https://registry.npmjs.org/aho-corasick2/-/aho-corasick2-1.0.3.tgz",
      "integrity": "sha512-TrR74jo5VGxpr/JKHCjzKxdGmtI7VY/eP85gkzOUl7okA7sC+lL6SfH5BfrViQz43KJwjyHSaRpVKN58GMzDQQ=="
    },
    "ahocorasick": {
      "version": "1.0.2",
      "resolved": "https://registry.npmjs.org/ahocorasick/-/ahocorasick-1.0.2.tgz",
      "integrity": "sha512-hCOfMzbFx5IDutmWLAt6MZwOUjIfSM9G9FyVxytmE4Rs/5YDPWQrD/+IR1w+FweD9H2oOZEnv36TmkjhNURBVA=="
    },
    "array-trie": {
      "version": "1.0.0",
      "resolved": "https://registry.npmjs.org/array-trie/-/array-trie-1.0.0.tgz",
      "integrity": "sha1-I3cW32z16SYJli0RjVV/1paq4Hg=",
      "requires": {
        "binary-search-bounds": "^1.0.0"
      },
      "dependencies": {
        "binary-search-bounds": {
          "version": "1.0.0",
          "resolved": "https://registry.npmjs.org/binary-search-bounds/-/binary-search-bounds-1.0.0.tgz",
          "integrity": "sha1-MjyjF+PypA9CRMclX1OEpbIHu2k="
        }
      }
    },
    "binary-search-bounds": {
      "version": "0.3.1",
      "resolved": "https://registry.npmjs.org/binary-search-bounds/-/binary-search-bounds-0.3.1.tgz",
      "integrity": "sha1-Tt7DqbFC2h9BqwoVDoI9X8riAqg="
    },
    "bytebuffer": {
      "version": "5.0.1",
      "resolved": "https://registry.npmjs.org/bytebuffer/-/bytebuffer-5.0.1.tgz",
      "integrity": "sha1-WC7qSxqHO20CCkjVjfhfC7ps/d0=",
      "requires": {
        "long": "~3"
      }
    },
    "lazy-aho-corasick": {
      "version": "1.2.2",
      "resolved": "https://registry.npmjs.org/lazy-aho-corasick/-/lazy-aho-corasick-1.2.2.tgz",
      "integrity": "sha512-6eisXkm0pKgmDSNXPseDGAHQ74OgSxuMrp5TYGWxpIMlx4QM0TNS43YYkBAEI2pq8GuA6YYhYkzEDWmIqoUoDg=="
    },
    "lodash": {
      "version": "4.17.20",
      "resolved": "https://registry.npmjs.org/lodash/-/lodash-4.17.20.tgz",
      "integrity": "sha512-PlhdFcillOINfeV7Ni6oF1TAEayyZBoZ8bcshTHqOYJYlrqzRK5hagpagky5o4HfCzzd1TRkXPMFq6cKk9rGmA=="
    },
    "long": {
      "version": "3.2.0",
      "resolved": "https://registry.npmjs.org/long/-/long-3.2.0.tgz",
      "integrity": "sha1-2CG3E4yhy1gcFymQ7xTbIAtcR0s="
    },
    "node-aho-corasick": {
      "version": "0.0.2",
      "resolved": "https://registry.npmjs.org/node-aho-corasick/-/node-aho-corasick-0.0.2.tgz",
      "integrity": "sha1-LbZhLvJe2je6ZOfcvTFBiyN+/Kc=",
      "requires": {
        "aho-corasick-automaton": "0.0.0",
        "array-trie": "^1.0.0"
      }
    },
    "string-dsa": {
      "version": "2.0.0",
      "resolved": "https://registry.npmjs.org/string-dsa/-/string-dsa-2.0.0.tgz",
      "integrity": "sha512-6PsqvRKmF3KZXikadQb+fywqc/zUvDjpVzl0peG1l531P833N+acgIJ8hpEFBiSxBqjUB+OA/5aA9ej1MDwwPA=="
    }
  }
}
